
Microsoft Visual Studio Solution File, Format Version 12.00
# Visual Studio 15
VisualStudioVersion = 15.0.26730.15
MinimumVisualStudioVersion = 10.0.40219.1
Project("{FAE04EC0-301F-11D3-BF4B-00C04F79EFBC}") = "week 7 quiz", "week 7 quiz\week 7 quiz.csproj", "{4897B8E8-7AD9-41F0-9682-A4145E96FCEE}"
EndProject
Global
	GlobalSection(SolutionConfigurationPlatforms) = preSolution
		Debug|Any CPU = Debug|Any CPU
		Release|Any CPU = Release|Any CPU
	EndGlobalSection
	GlobalSection(ProjectConfigurationPlatforms) = postSolution
		{4897B8E8-7AD9-41F0-9682-A4145E96FCEE}.Debug|Any CPU.ActiveCfg = Debug|Any CPU
		{4897B8E8-7AD9-41F0-9682-A4145E96FCEE}.Debug|Any CPU.Build.0 = Debug|Any CPU
		{4897B8E8-7AD9-41F0-9682-A4145E96FCEE}.Release|Any CPU.ActiveCfg = Release|Any CPU
		{4897B8E8-7AD9-41F0-9682-A4145E96FCEE}.Release|Any CPU.Build.0 = Release|Any CPU
	EndGlobalSection
	GlobalSection(SolutionProperties) = preSolution
		HideSolutionNode = FALSE
	EndGlobalSection
	GlobalSection(ExtensibilityGlobals) = postSolution
		SolutionGuid = {B0EC1D47-A2F0-4360-B6AB-F27F4131FC70}
	EndGlobalSection
EndGlobal
